
Microsoft Visual Studio Solution File, Format Version 9.00
# Visual C++ Express 2005
Project("{8BC9CEB8-8B4A-11D0-8D11-00A0C91BC942}") = "Library", "Library\Library.vcproj", "{5F1E381B-FAF6-4A63-9EC6-A978479F80C9}"
EndProject
Global
	GlobalSection(SolutionConfigurationPlatforms) = preSolution
		Debug|Win32 = Debug|Win32
		Release|Win32 = Release|Win32
	EndGlobalSection
	GlobalSection(ProjectConfigurationPlatforms) = postSolution
		{5F1E381B-FAF6-4A63-9EC6-A978479F80C9}.Debug|Win32.ActiveCfg = Debug|Win32
		{5F1E381B-FAF6-4A63-9EC6-A978479F80C9}.Debug|Win32.Build.0 = Debug|Win32
		{5F1E381B-FAF6-4A63-9EC6-A978479F80C9}.Release|Win32.ActiveCfg = Release|Win32
		{5F1E381B-FAF6-4A63-9EC6-A978479F80C9}.Release|Win32.Build.0 = Release|Win32
	EndGlobalSection
	GlobalSection(SolutionProperties) = preSolution
		HideSolutionNode = FALSE
	EndGlobalSection
EndGlobal
